
Microsoft Visual Studio Solution File, Format Version 11.00
# Visual Studio 2010
# SharpDevelop 4.2.2.8818
Project("{2150E333-8FDC-42A3-9474-1A3956D46DE8}") = "Czf.App", "Czf.App", "{8607B1FA-1B7C-4CE3-81AF-A000DC98FCE2}"
	ProjectSection(SolutionItems) = postProject
	EndProjectSection
EndProject
Project("{FAE04EC0-301F-11D3-BF4B-00C04F79EFBC}") = "WebAuction", "..\WebAuction\WebAuction.csproj", "{810DC096-98DE-4248-A8E4-E305455CEA81}"
EndProject
Project("{2150E333-8FDC-42A3-9474-1A3956D46DE8}") = "Czf.Sources", "Czf.Sources", "{EAB36126-EB1F-4327-83E1-A4D394A7402B}"
	ProjectSection(SolutionItems) = postProject
	EndProjectSection
EndProject
Project("{2150E333-8FDC-42A3-9474-1A3956D46DE8}") = "New Folder", "New Folder", "{6262581C-88A8-4838-A0AE-69FD7DC16E27}"
	ProjectSection(SolutionItems) = postProject
	EndProjectSection
EndProject
Project("{FAE04EC0-301F-11D3-BF4B-00C04F79EFBC}") = "AuctionSource", "StubAuctionSource\AuctionSource.csproj", "{23F7C225-9978-4EC1-9BE3-2DCF30862629}"
EndProject
Project("{2150E333-8FDC-42A3-9474-1A3956D46DE8}") = "Czf.Domain", "Czf.Domain", "{37431516-E372-40BF-8A79-D582620711CD}"
	ProjectSection(SolutionItems) = postProject
	EndProjectSection
EndProject
Project("{FAE04EC0-301F-11D3-BF4B-00C04F79EFBC}") = "Domain", "Domain.csproj", "{791687F9-3097-41E6-9C34-73B62481CC5D}"
EndProject
Project("{2150E333-8FDC-42A3-9474-1A3956D46DE8}") = "Czf.Util", "Czf.Util", "{EF12C52B-6C39-443C-AE25-23076C84AAF0}"
	ProjectSection(SolutionItems) = postProject
	EndProjectSection
EndProject
Project("{FAE04EC0-301F-11D3-BF4B-00C04F79EFBC}") = "Czf.Util.Common", "Czf.Util.Common\Czf.Util.Common.csproj", "{22F228A1-956C-44E1-AB81-9262E6B9CB0B}"
EndProject
Project("{2150E333-8FDC-42A3-9474-1A3956D46DE8}") = "Czf.SQL", "Czf.SQL", "{6A1F2EA9-3DA1-44C6-A73C-4C6278FEC40C}"
	ProjectSection(SolutionItems) = postProject
	EndProjectSection
EndProject
Project("{2150E333-8FDC-42A3-9474-1A3956D46DE8}") = "Czf.Mvc", "Czf.Mvc", "{D596575A-E868-453E-AC23-DCA07B95725C}"
	ProjectSection(SolutionItems) = postProject
	EndProjectSection
EndProject
Project("{FAE04EC0-301F-11D3-BF4B-00C04F79EFBC}") = "Common", "Common\Common.csproj", "{D803FF2D-7AEB-4CDC-9717-C0100F83A45C}"
EndProject
Global
	GlobalSection(SolutionConfigurationPlatforms) = preSolution
		Debug|x86 = Debug|x86
		Release|x86 = Release|x86
	EndGlobalSection
	GlobalSection(ProjectConfigurationPlatforms) = postSolution
		{791687F9-3097-41E6-9C34-73B62481CC5D}.Debug|x86.Build.0 = Debug|x86
		{791687F9-3097-41E6-9C34-73B62481CC5D}.Debug|x86.ActiveCfg = Debug|x86
		{791687F9-3097-41E6-9C34-73B62481CC5D}.Release|x86.Build.0 = Release|x86
		{791687F9-3097-41E6-9C34-73B62481CC5D}.Release|x86.ActiveCfg = Release|x86
		{810DC096-98DE-4248-A8E4-E305455CEA81}.Debug|x86.Build.0 = Debug|x86
		{810DC096-98DE-4248-A8E4-E305455CEA81}.Debug|x86.ActiveCfg = Debug|x86
		{810DC096-98DE-4248-A8E4-E305455CEA81}.Release|x86.Build.0 = Release|x86
		{810DC096-98DE-4248-A8E4-E305455CEA81}.Release|x86.ActiveCfg = Release|x86
		{22F228A1-956C-44E1-AB81-9262E6B9CB0B}.Debug|x86.Build.0 = Debug|x86
		{22F228A1-956C-44E1-AB81-9262E6B9CB0B}.Debug|x86.ActiveCfg = Debug|x86
		{22F228A1-956C-44E1-AB81-9262E6B9CB0B}.Release|x86.Build.0 = Release|x86
		{22F228A1-956C-44E1-AB81-9262E6B9CB0B}.Release|x86.ActiveCfg = Release|x86
		{23F7C225-9978-4EC1-9BE3-2DCF30862629}.Debug|x86.Build.0 = Debug|x86
		{23F7C225-9978-4EC1-9BE3-2DCF30862629}.Debug|x86.ActiveCfg = Debug|x86
		{23F7C225-9978-4EC1-9BE3-2DCF30862629}.Release|x86.Build.0 = Release|x86
		{23F7C225-9978-4EC1-9BE3-2DCF30862629}.Release|x86.ActiveCfg = Release|x86
		{D803FF2D-7AEB-4CDC-9717-C0100F83A45C}.Debug|x86.Build.0 = Debug|x86
		{D803FF2D-7AEB-4CDC-9717-C0100F83A45C}.Debug|x86.ActiveCfg = Debug|x86
		{D803FF2D-7AEB-4CDC-9717-C0100F83A45C}.Release|x86.Build.0 = Release|x86
		{D803FF2D-7AEB-4CDC-9717-C0100F83A45C}.Release|x86.ActiveCfg = Release|x86
	EndGlobalSection
	GlobalSection(NestedProjects) = preSolution
		{810DC096-98DE-4248-A8E4-E305455CEA81} = {8607B1FA-1B7C-4CE3-81AF-A000DC98FCE2}
		{6262581C-88A8-4838-A0AE-69FD7DC16E27} = {EAB36126-EB1F-4327-83E1-A4D394A7402B}
		{23F7C225-9978-4EC1-9BE3-2DCF30862629} = {EAB36126-EB1F-4327-83E1-A4D394A7402B}
		{791687F9-3097-41E6-9C34-73B62481CC5D} = {37431516-E372-40BF-8A79-D582620711CD}
		{22F228A1-956C-44E1-AB81-9262E6B9CB0B} = {EF12C52B-6C39-443C-AE25-23076C84AAF0}
		{D803FF2D-7AEB-4CDC-9717-C0100F83A45C} = {D596575A-E868-453E-AC23-DCA07B95725C}
	EndGlobalSection
EndGlobal
